// !$*UTF8*$!
{
	archiveVersion = 1;
	classes = {
	};
	objectVersion = 44;
	objects = {

/* Begin PBXBuildFile section */
		3B02307B04CEFC3B00222988 /* InfoPlist.strings in Resources */ = {isa = PBXBuildFile; fileRef = 089C167DFE841241C02AAC07 /* InfoPlist.strings */; };
		3B02307D04CEFC3B00222988 /* access_date.c in Sources */ = {isa = PBXBuildFile; fileRef = 08FB77B2FE8417CDC02AAC07 /* access_date.c */; settings = {ATTRIBUTES = (); }; };
		3B02307F04CEFC3B00222988 /* Carbon.framework in Frameworks */ = {isa = PBXBuildFile; fileRef = 08EA7FFBFE8413EDC02AAC07 /* Carbon.framework */; };
		794B8AEF1078970A00C7FCB6 /* access date.r in Rez */ = {isa = PBXBuildFile; fileRef = 794B8AEE1078970A00C7FCB6 /* access date.r */; };
		79F057C910788A0500661A5A /* access date.sdef in Resources */ = {isa = PBXBuildFile; fileRef = 79F057C810788A0500661A5A /* access date.sdef */; };
/* End PBXBuildFile section */

/* Begin PBXFileReference section */
		089C167EFE841241C02AAC07 /* English */ = {isa = PBXFileReference; fileEncoding = 10; lastKnownFileType = text.plist.strings; name = English; path = English.lproj/InfoPlist.strings; sourceTree = "<group>"; };
		08EA7FFBFE8413EDC02AAC07 /* Carbon.framework */ = {isa = PBXFileReference; lastKnownFileType = wrapper.framework; name = Carbon.framework; path = /System/Library/Frameworks/Carbon.framework; sourceTree = "<absolute>"; };
		08FB77B2FE8417CDC02AAC07 /* access_date.c */ = {isa = PBXFileReference; fileEncoding = 30; lastKnownFileType = sourcecode.c.c; path = access_date.c; sourceTree = "<group>"; };
		3B02308304CEFC3B00222988 /* Info.plist */ = {isa = PBXFileReference; lastKnownFileType = text.plist; path = Info.plist; sourceTree = "<group>"; };
		3B02308404CEFC3C00222988 /* access date.osax */ = {isa = PBXFileReference; explicitFileType = wrapper.cfbundle; includeInIndex = 0; path = "access date.osax"; sourceTree = BUILT_PRODUCTS_DIR; };
		794B8AEE1078970A00C7FCB6 /* access date.r */ = {isa = PBXFileReference; fileEncoding = 4; lastKnownFileType = sourcecode.rez; path = "access date.r"; sourceTree = "<group>"; };
		79F057C810788A0500661A5A /* access date.sdef */ = {isa = PBXFileReference; fileEncoding = 4; lastKnownFileType = text.sdef; path = "access date.sdef"; sourceTree = "<group>"; };
/* End PBXFileReference section */

/* Begin PBXFrameworksBuildPhase section */
		3B02307E04CEFC3B00222988 /* Frameworks */ = {
			isa = PBXFrameworksBuildPhase;
			buildActionMask = 2147483647;
			files = (
				3B02307F04CEFC3B00222988 /* Carbon.framework in Frameworks */,
			);
			runOnlyForDeploymentPostprocessing = 0;
		};
/* End PBXFrameworksBuildPhase section */

/* Begin PBXGroup section */
		089C166AFE841209C02AAC07 /* Transform Window */ = {
			isa = PBXGroup;
			children = (
				08FB77ADFE841716C02AAC07 /* Source */,
				089C167CFE841241C02AAC07 /* Resources */,
				089C1671FE841209C02AAC07 /* Frameworks */,
				19C28FB4FE9D528D11CA2CBB /* Products */,
			);
			name = "Transform Window";
			sourceTree = "<group>";
		};
		089C1671FE841209C02AAC07 /* Frameworks */ = {
			isa = PBXGroup;
			children = (
				08EA7FFBFE8413EDC02AAC07 /* Carbon.framework */,
			);
			name = Frameworks;
			sourceTree = "<group>";
		};
		089C167CFE841241C02AAC07 /* Resources */ = {
			isa = PBXGroup;
			children = (
				794B8AEE1078970A00C7FCB6 /* access date.r */,
				79F057C810788A0500661A5A /* access date.sdef */,
				3B02308304CEFC3B00222988 /* Info.plist */,
				089C167DFE841241C02AAC07 /* InfoPlist.strings */,
			);
			name = Resources;
			sourceTree = "<group>";
		};
		08FB77ADFE841716C02AAC07 /* Source */ = {
			isa = PBXGroup;
			children = (
				08FB77B2FE8417CDC02AAC07 /* access_date.c */,
			);
			name = Source;
			sourceTree = "<group>";
		};
		19C28FB4FE9D528D11CA2CBB /* Products */ = {
			isa = PBXGroup;
			children = (
				3B02308404CEFC3C00222988 /* access date.osax */,
			);
			name = Products;
			sourceTree = "<group>";
		};
/* End PBXGroup section */

/* Begin PBXHeadersBuildPhase section */
		3B02307804CEFC3B00222988 /* Headers */ = {
			isa = PBXHeadersBuildPhase;
			buildActionMask = 2147483647;
			files = (
			);
			runOnlyForDeploymentPostprocessing = 0;
		};
/* End PBXHeadersBuildPhase section */

/* Begin PBXNativeTarget section */
		3B02307704CEFC3B00222988 /* Skeleton Addition */ = {
			isa = PBXNativeTarget;
			buildConfigurationList = 796BAFA50BE914AF008B1663 /* Build configuration list for PBXNativeTarget "Skeleton Addition" */;
			buildPhases = (
				3B02307804CEFC3B00222988 /* Headers */,
				3B02307A04CEFC3B00222988 /* Resources */,
				3B02307C04CEFC3B00222988 /* Sources */,
				3B02307E04CEFC3B00222988 /* Frameworks */,
				794B8ADF1078965B00C7FCB6 /* ShellScript */,
				3B02308004CEFC3B00222988 /* Rez */,
			);
			buildRules = (
			);
			dependencies = (
			);
			name = "Skeleton Addition";
			productInstallPath = "~/Library/ScriptingAdditions";
			productName = "Transform Window";
			productReference = 3B02308404CEFC3C00222988 /* access date.osax */;
			productType = "com.apple.product-type.bundle";
		};
/* End PBXNativeTarget section */

/* Begin PBXProject section */
		089C1669FE841209C02AAC07 /* Project object */ = {
			isa = PBXProject;
			buildConfigurationList = 796BAFA90BE914AF008B1663 /* Build configuration list for PBXProject "access date" */;
			compatibilityVersion = "Xcode 3.0";
			hasScannedForEncodings = 1;
			mainGroup = 089C166AFE841209C02AAC07 /* Transform Window */;
			projectDirPath = "";
			projectRoot = "";
			targets = (
				3B02307704CEFC3B00222988 /* Skeleton Addition */,
			);
		};
/* End PBXProject section */

/* Begin PBXResourcesBuildPhase section */
		3B02307A04CEFC3B00222988 /* Resources */ = {
			isa = PBXResourcesBuildPhase;
			buildActionMask = 2147483647;
			files = (
				3B02307B04CEFC3B00222988 /* InfoPlist.strings in Resources */,
				79F057C910788A0500661A5A /* access date.sdef in Resources */,
			);
			runOnlyForDeploymentPostprocessing = 0;
		};
/* End PBXResourcesBuildPhase section */

/* Begin PBXRezBuildPhase section */
		3B02308004CEFC3B00222988 /* Rez */ = {
			isa = PBXRezBuildPhase;
			buildActionMask = 2147483647;
			files = (
				794B8AEF1078970A00C7FCB6 /* access date.r in Rez */,
			);
			runOnlyForDeploymentPostprocessing = 0;
		};
/* End PBXRezBuildPhase section */

/* Begin PBXShellScriptBuildPhase section */
		794B8ADF1078965B00C7FCB6 /* ShellScript */ = {
			isa = PBXShellScriptBuildPhase;
			buildActionMask = 2147483647;
			files = (
			);
			inputPaths = (
				"access date.sdef",
			);
			outputPaths = (
				"access date.r",
			);
			runOnlyForDeploymentPostprocessing = 0;
			shellPath = /bin/sh;
			shellScript = "# This rule builds an 'aete' version of the sdef; it is only necessary for pre-Leopard builds.\n/usr/bin/sdp -fa -o \"${SRCROOT}/access date.r\" \"${SRCROOT}/access date.sdef\"";
		};
/* End PBXShellScriptBuildPhase section */

/* Begin PBXSourcesBuildPhase section */
		3B02307C04CEFC3B00222988 /* Sources */ = {
			isa = PBXSourcesBuildPhase;
			buildActionMask = 2147483647;
			files = (
				3B02307D04CEFC3B00222988 /* access_date.c in Sources */,
			);
			runOnlyForDeploymentPostprocessing = 0;
		};
/* End PBXSourcesBuildPhase section */

/* Begin PBXVariantGroup section */
		089C167DFE841241C02AAC07 /* InfoPlist.strings */ = {
			isa = PBXVariantGroup;
			children = (
				089C167EFE841241C02AAC07 /* English */,
			);
			name = InfoPlist.strings;
			sourceTree = "<group>";
		};
/* End PBXVariantGroup section */

/* Begin XCBuildConfiguration section */
		796BAFA60BE914AF008B1663 /* Debug */ = {
			isa = XCBuildConfiguration;
			buildSettings = {
				ARCHS = (
					ppc,
					i386,
					x86_64,
				);
				COPY_PHASE_STRIP = NO;
				FRAMEWORK_SEARCH_PATHS = "";
				GCC_DYNAMIC_NO_PIC = NO;
				GCC_ENABLE_FIX_AND_CONTINUE = YES;
				GCC_GENERATE_DEBUGGING_SYMBOLS = YES;
				GCC_OPTIMIZATION_LEVEL = 0;
				GCC_WARN_FOUR_CHARACTER_CONSTANTS = NO;
				GCC_WARN_UNKNOWN_PRAGMAS = NO;
				HEADER_SEARCH_PATHS = "";
				INFOPLIST_FILE = Info.plist;
				INSTALL_PATH = "~/Library/ScriptingAdditions";
				LIBRARY_SEARCH_PATHS = "";
				OTHER_CFLAGS = "";
				OTHER_LDFLAGS = "";
				OTHER_REZFLAGS = "-i .";
				PRODUCT_NAME = "access date";
				SECTORDER_FLAGS = "";
				WARNING_CFLAGS = "-Wmost";
				WRAPPER_EXTENSION = osax;
				ZERO_LINK = YES;
			};
			name = Debug;
		};
		796BAFA70BE914AF008B1663 /* Release */ = {
			isa = XCBuildConfiguration;
			buildSettings = {
				ARCHS = (
					ppc,
					i386,
					x86_64,
				);
				COPY_PHASE_STRIP = YES;
				FRAMEWORK_SEARCH_PATHS = "";
				GCC_ENABLE_FIX_AND_CONTINUE = NO;
				GCC_OPTIMIZATION_LEVEL = 2;
				GCC_WARN_FOUR_CHARACTER_CONSTANTS = NO;
				GCC_WARN_UNKNOWN_PRAGMAS = NO;
				HEADER_SEARCH_PATHS = "";
				INFOPLIST_FILE = Info.plist;
				INSTALL_PATH = "~/Library/ScriptingAdditions";
				LIBRARY_SEARCH_PATHS = "";
				OTHER_CFLAGS = "";
				OTHER_LDFLAGS = "";
				OTHER_REZFLAGS = "-i .";
				PRODUCT_NAME = "access date";
				SECTORDER_FLAGS = "";
				WARNING_CFLAGS = "-Wmost";
				WRAPPER_EXTENSION = osax;
				ZERO_LINK = NO;
			};
			name = Release;
		};
		796BAFAA0BE914AF008B1663 /* Debug */ = {
			isa = XCBuildConfiguration;
			buildSettings = {
				SDKROOT = "$(DEVELOPER_SDK_DIR)/MacOSX10.5.sdk";
			};
			name = Debug;
		};
		796BAFAB0BE914AF008B1663 /* Release */ = {
			isa = XCBuildConfiguration;
			buildSettings = {
				SDKROOT = "$(DEVELOPER_SDK_DIR)/MacOSX10.5.sdk";
			};
			name = Release;
		};
/* End XCBuildConfiguration section */

/* Begin XCConfigurationList section */
		796BAFA50BE914AF008B1663 /* Build configuration list for PBXNativeTarget "Skeleton Addition" */ = {
			isa = XCConfigurationList;
			buildConfigurations = (
				796BAFA60BE914AF008B1663 /* Debug */,
				796BAFA70BE914AF008B1663 /* Release */,
			);
			defaultConfigurationIsVisible = 0;
			defaultConfigurationName = Debug;
		};
		796BAFA90BE914AF008B1663 /* Build configuration list for PBXProject "access date" */ = {
			isa = XCConfigurationList;
			buildConfigurations = (
				796BAFAA0BE914AF008B1663 /* Debug */,
				796BAFAB0BE914AF008B1663 /* Release */,
			);
			defaultConfigurationIsVisible = 0;
			defaultConfigurationName = Debug;
		};
/* End XCConfigurationList section */
	};
	rootObject = 089C1669FE841209C02AAC07 /* Project object */;
}
